
Microsoft Visual Studio Solution File, Format Version 12.00
# Visual Studio Version 17
VisualStudioVersion = 17.5.2.0
MinimumVisualStudioVersion = 10.0.40219.1
Project("{2150E333-8FDC-42A3-9474-1A3956D46DE8}") = "apps", "apps", "{1787FE1D-075E-9E68-7218-25F1BD1BBEAB}"
EndProject
Project("{2150E333-8FDC-42A3-9474-1A3956D46DE8}") = "dotnet-services", "dotnet-services", "{5CF9A68C-C768-1199-9518-4328C5AD694B}"
EndProject
Project("{FAE04EC0-301F-11D3-BF4B-00C04F79EFBC}") = "MyApp", "apps\dotnet-services\MyApp\MyApp.csproj", "{DCDA5CED-6B9F-471E-3E01-274EEF4BAF06}"
EndProject
Global
	GlobalSection(SolutionConfigurationPlatforms) = preSolution
		Debug|Any CPU = Debug|Any CPU
		Debug|x64 = Debug|x64
		Debug|x86 = Debug|x86
		Release|Any CPU = Release|Any CPU
		Release|x64 = Release|x64
		Release|x86 = Release|x86
	EndGlobalSection
	GlobalSection(ProjectConfigurationPlatforms) = postSolution
		{DCDA5CED-6B9F-471E-3E01-274EEF4BAF06}.Debug|Any CPU.ActiveCfg = Debug|Any CPU
		{DCDA5CED-6B9F-471E-3E01-274EEF4BAF06}.Debug|Any CPU.Build.0 = Debug|Any CPU
		{DCDA5CED-6B9F-471E-3E01-274EEF4BAF06}.Debug|x64.ActiveCfg = Debug|Any CPU
		{DCDA5CED-6B9F-471E-3E01-274EEF4BAF06}.Debug|x64.Build.0 = Debug|Any CPU
		{DCDA5CED-6B9F-471E-3E01-274EEF4BAF06}.Debug|x86.ActiveCfg = Debug|Any CPU
		{DCDA5CED-6B9F-471E-3E01-274EEF4BAF06}.Debug|x86.Build.0 = Debug|Any CPU
		{DCDA5CED-6B9F-471E-3E01-274EEF4BAF06}.Release|Any CPU.ActiveCfg = Release|Any CPU
		{DCDA5CED-6B9F-471E-3E01-274EEF4BAF06}.Release|Any CPU.Build.0 = Release|Any CPU
		{DCDA5CED-6B9F-471E-3E01-274EEF4BAF06}.Release|x64.ActiveCfg = Release|Any CPU
		{DCDA5CED-6B9F-471E-3E01-274EEF4BAF06}.Release|x64.Build.0 = Release|Any CPU
		{DCDA5CED-6B9F-471E-3E01-274EEF4BAF06}.Release|x86.ActiveCfg = Release|Any CPU
		{DCDA5CED-6B9F-471E-3E01-274EEF4BAF06}.Release|x86.Build.0 = Release|Any CPU
	EndGlobalSection
	GlobalSection(SolutionProperties) = preSolution
		HideSolutionNode = FALSE
	EndGlobalSection
	GlobalSection(NestedProjects) = preSolution
		{5CF9A68C-C768-1199-9518-4328C5AD694B} = {1787FE1D-075E-9E68-7218-25F1BD1BBEAB}
		{DCDA5CED-6B9F-471E-3E01-274EEF4BAF06} = {5CF9A68C-C768-1199-9518-4328C5AD694B}
	EndGlobalSection
	GlobalSection(ExtensibilityGlobals) = postSolution
		SolutionGuid = {06441CEA-D593-41CA-9CF6-D254ECF505AC}
	EndGlobalSection
EndGlobal
